
Microsoft Visual Studio Solution File, Format Version 12.00
# Visual Studio Version 17
VisualStudioVersion = 17.1.32407.343
MinimumVisualStudioVersion = 10.0.40219.1
Project("{FAE04EC0-301F-11D3-BF4B-00C04F79EFBC}") = "BlazorGG-Backend", "BlazorGG-Backend\BlazorGG-Backend.csproj", "{32B5B032-F5A3-4AEE-A180-85A4A7188523}"
EndProject
Global
	GlobalSection(SolutionConfigurationPlatforms) = preSolution
		Debug|Any CPU = Debug|Any CPU
		Release|Any CPU = Release|Any CPU
	EndGlobalSection
	GlobalSection(ProjectConfigurationPlatforms) = postSolution
		{32B5B032-F5A3-4AEE-A180-85A4A7188523}.Debug|Any CPU.ActiveCfg = Debug|Any CPU
		{32B5B032-F5A3-4AEE-A180-85A4A7188523}.Debug|Any CPU.Build.0 = Debug|Any CPU
		{32B5B032-F5A3-4AEE-A180-85A4A7188523}.Release|Any CPU.ActiveCfg = Release|Any CPU
		{32B5B032-F5A3-4AEE-A180-85A4A7188523}.Release|Any CPU.Build.0 = Release|Any CPU
	EndGlobalSection
	GlobalSection(SolutionProperties) = preSolution
		HideSolutionNode = FALSE
	EndGlobalSection
	GlobalSection(ExtensibilityGlobals) = postSolution
		SolutionGuid = {AA0FA93C-284B-42F7-9F67-E1349BB79BBC}
	EndGlobalSection
EndGlobal
